
Microsoft Visual Studio Solution File, Format Version 12.00
# Visual Studio Version 16
VisualStudioVersion = 16.0.30709.132
MinimumVisualStudioVersion = 15.0.26124.0
Project("{9A19103F-16F7-4668-BE54-9A1E7A4F7556}") = "DotNetReact", "DotNetReact\DotNetReact.csproj", "{F637413E-810C-4C3A-8E83-E795DB51CC0C}"
EndProject
Global
	GlobalSection(SolutionConfigurationPlatforms) = preSolution
		Debug|Any CPU = Debug|Any CPU
		Release|Any CPU = Release|Any CPU
	EndGlobalSection
	GlobalSection(ProjectConfigurationPlatforms) = postSolution
		{F637413E-810C-4C3A-8E83-E795DB51CC0C}.Debug|Any CPU.ActiveCfg = Debug|Any CPU
		{F637413E-810C-4C3A-8E83-E795DB51CC0C}.Debug|Any CPU.Build.0 = Debug|Any CPU
		{F637413E-810C-4C3A-8E83-E795DB51CC0C}.Release|Any CPU.ActiveCfg = Release|Any CPU
		{F637413E-810C-4C3A-8E83-E795DB51CC0C}.Release|Any CPU.Build.0 = Release|Any CPU
	EndGlobalSection
	GlobalSection(SolutionProperties) = preSolution
		HideSolutionNode = FALSE
	EndGlobalSection
	GlobalSection(ExtensibilityGlobals) = postSolution
		SolutionGuid = {96A5C8C4-AA2C-490A-BFB3-96B8488B0FD3}
	EndGlobalSection
EndGlobal
